
Microsoft Visual Studio Solution File, Format Version 12.00
# Visual Studio Version 16
VisualStudioVersion = 16.0.30524.135
MinimumVisualStudioVersion = 10.0.40219.1
Project("{FAE04EC0-301F-11D3-BF4B-00C04F79EFBC}") = "JsonResource", "JsonResource\JsonResource.csproj", "{0613786B-B18F-4EC1-8811-B5654A516BC3}"
EndProject
Global
	GlobalSection(SolutionConfigurationPlatforms) = preSolution
		Debug|Any CPU = Debug|Any CPU
		Release|Any CPU = Release|Any CPU
	EndGlobalSection
	GlobalSection(ProjectConfigurationPlatforms) = postSolution
		{0613786B-B18F-4EC1-8811-B5654A516BC3}.Debug|Any CPU.ActiveCfg = Debug|Any CPU
		{0613786B-B18F-4EC1-8811-B5654A516BC3}.Debug|Any CPU.Build.0 = Debug|Any CPU
		{0613786B-B18F-4EC1-8811-B5654A516BC3}.Release|Any CPU.ActiveCfg = Release|Any CPU
		{0613786B-B18F-4EC1-8811-B5654A516BC3}.Release|Any CPU.Build.0 = Release|Any CPU
	EndGlobalSection
	GlobalSection(SolutionProperties) = preSolution
		HideSolutionNode = FALSE
	EndGlobalSection
	GlobalSection(ExtensibilityGlobals) = postSolution
		SolutionGuid = {A4F3F6CA-4959-4721-A103-44CFBBD43834}
	EndGlobalSection
EndGlobal
